
Microsoft Visual Studio Solution File, Format Version 12.00
# Visual Studio Version 17
VisualStudioVersion = 17.4.33213.308
MinimumVisualStudioVersion = 10.0.40219.1
Project("{FAE04EC0-301F-11D3-BF4B-00C04F79EFBC}") = "JobApplicationTrackerForStudents_Server", "JobApplicationTrackerForStudents_Server\JobApplicationTrackerForStudents_Server.csproj", "{376FFC9C-3BDA-4129-AB89-A64A57F7C6EB}"
EndProject
Global
	GlobalSection(SolutionConfigurationPlatforms) = preSolution
		Debug|Any CPU = Debug|Any CPU
		Release|Any CPU = Release|Any CPU
	EndGlobalSection
	GlobalSection(ProjectConfigurationPlatforms) = postSolution
		{376FFC9C-3BDA-4129-AB89-A64A57F7C6EB}.Debug|Any CPU.ActiveCfg = Debug|Any CPU
		{376FFC9C-3BDA-4129-AB89-A64A57F7C6EB}.Debug|Any CPU.Build.0 = Debug|Any CPU
		{376FFC9C-3BDA-4129-AB89-A64A57F7C6EB}.Release|Any CPU.ActiveCfg = Release|Any CPU
		{376FFC9C-3BDA-4129-AB89-A64A57F7C6EB}.Release|Any CPU.Build.0 = Release|Any CPU
	EndGlobalSection
	GlobalSection(SolutionProperties) = preSolution
		HideSolutionNode = FALSE
	EndGlobalSection
	GlobalSection(ExtensibilityGlobals) = postSolution
		SolutionGuid = {1FB06B5B-61F8-4A83-A446-722555656E25}
	EndGlobalSection
EndGlobal
